
Microsoft Visual Studio Solution File, Format Version 12.00
# Visual Studio Version 17
VisualStudioVersion = 17.11.35327.3
MinimumVisualStudioVersion = 10.0.40219.1
Project("{FAE04EC0-301F-11D3-BF4B-00C04F79EFBC}") = "SS02", "SS02\SS02.csproj", "{60A4CE30-1F32-4674-BDAA-BECD9A968959}"
EndProject
Global
	GlobalSection(SolutionConfigurationPlatforms) = preSolution
		Debug|Any CPU = Debug|Any CPU
		Release|Any CPU = Release|Any CPU
	EndGlobalSection
	GlobalSection(ProjectConfigurationPlatforms) = postSolution
		{60A4CE30-1F32-4674-BDAA-BECD9A968959}.Debug|Any CPU.ActiveCfg = Debug|Any CPU
		{60A4CE30-1F32-4674-BDAA-BECD9A968959}.Debug|Any CPU.Build.0 = Debug|Any CPU
		{60A4CE30-1F32-4674-BDAA-BECD9A968959}.Release|Any CPU.ActiveCfg = Release|Any CPU
		{60A4CE30-1F32-4674-BDAA-BECD9A968959}.Release|Any CPU.Build.0 = Release|Any CPU
	EndGlobalSection
	GlobalSection(SolutionProperties) = preSolution
		HideSolutionNode = FALSE
	EndGlobalSection
	GlobalSection(ExtensibilityGlobals) = postSolution
		SolutionGuid = {D0CE80B4-C483-4202-AB96-D35F42CEAFA7}
	EndGlobalSection
EndGlobal
